
Microsoft Visual Studio Solution File, Format Version 12.00
# Visual Studio 15
VisualStudioVersion = 15.0.27130.2036
MinimumVisualStudioVersion = 10.0.40219.1
Project("{FAE04EC0-301F-11D3-BF4B-00C04F79EFBC}") = "MixedMediaInventoryTracker", "MixedMediaInventoryTracker\MixedMediaInventoryTracker.csproj", "{18E2A682-8AE1-42CC-8BB8-63E962DEACBA}"
EndProject
Global
	GlobalSection(SolutionConfigurationPlatforms) = preSolution
		Debug|Any CPU = Debug|Any CPU
		Release|Any CPU = Release|Any CPU
	EndGlobalSection
	GlobalSection(ProjectConfigurationPlatforms) = postSolution
		{18E2A682-8AE1-42CC-8BB8-63E962DEACBA}.Debug|Any CPU.ActiveCfg = Debug|Any CPU
		{18E2A682-8AE1-42CC-8BB8-63E962DEACBA}.Debug|Any CPU.Build.0 = Debug|Any CPU
		{18E2A682-8AE1-42CC-8BB8-63E962DEACBA}.Release|Any CPU.ActiveCfg = Release|Any CPU
		{18E2A682-8AE1-42CC-8BB8-63E962DEACBA}.Release|Any CPU.Build.0 = Release|Any CPU
	EndGlobalSection
	GlobalSection(SolutionProperties) = preSolution
		HideSolutionNode = FALSE
	EndGlobalSection
	GlobalSection(ExtensibilityGlobals) = postSolution
		SolutionGuid = {AE6B8AE5-885B-42DA-B198-941FD6312C72}
	EndGlobalSection
EndGlobal
